
Microsoft Visual Studio Solution File, Format Version 12.00
# Visual Studio 15
VisualStudioVersion = 15.0.28307.852
MinimumVisualStudioVersion = 10.0.40219.1
Project("{FAE04EC0-301F-11D3-BF4B-00C04F79EFBC}") = "PeopleSearch", "PeopleSearch\PeopleSearch.csproj", "{CDF71D62-EBD9-410D-A51B-A6C661E720AF}"
EndProject
Project("{E24C65DC-7377-472B-9ABA-BC803B73C61A}") = "Angular", "PeopleSearch\Angular\", "{120F1900-D46D-4C6E-8D3A-2B44795EB313}"
	ProjectSection(WebsiteProperties) = preProject
		TargetFrameworkMoniker = ".NETFramework,Version%3Dv4.0"
		Debug.AspNetCompiler.VirtualPath = "/localhost_61219"
		Debug.AspNetCompiler.PhysicalPath = "PeopleSearch\Angular\"
		Debug.AspNetCompiler.TargetPath = "PrecompiledWeb\localhost_61219\"
		Debug.AspNetCompiler.Updateable = "true"
		Debug.AspNetCompiler.ForceOverwrite = "true"
		Debug.AspNetCompiler.FixedNames = "false"
		Debug.AspNetCompiler.Debug = "True"
		Release.AspNetCompiler.VirtualPath = "/localhost_61219"
		Release.AspNetCompiler.PhysicalPath = "PeopleSearch\Angular\"
		Release.AspNetCompiler.TargetPath = "PrecompiledWeb\localhost_61219\"
		Release.AspNetCompiler.Updateable = "true"
		Release.AspNetCompiler.ForceOverwrite = "true"
		Release.AspNetCompiler.FixedNames = "false"
		Release.AspNetCompiler.Debug = "False"
		VWDPort = "61219"
		SlnRelativePath = "PeopleSearch\Angular\"
	EndProjectSection
EndProject
Project("{FAE04EC0-301F-11D3-BF4B-00C04F79EFBC}") = "PeopleSearch.Tests", "PeopleSearch.Tests\PeopleSearch.Tests.csproj", "{5893101F-6BBE-4FDE-8409-A4DAFEA141CC}"
EndProject
Global
	GlobalSection(SolutionConfigurationPlatforms) = preSolution
		Debug|Any CPU = Debug|Any CPU
		Release|Any CPU = Release|Any CPU
	EndGlobalSection
	GlobalSection(ProjectConfigurationPlatforms) = postSolution
		{CDF71D62-EBD9-410D-A51B-A6C661E720AF}.Debug|Any CPU.ActiveCfg = Debug|Any CPU
		{CDF71D62-EBD9-410D-A51B-A6C661E720AF}.Debug|Any CPU.Build.0 = Debug|Any CPU
		{CDF71D62-EBD9-410D-A51B-A6C661E720AF}.Release|Any CPU.ActiveCfg = Release|Any CPU
		{CDF71D62-EBD9-410D-A51B-A6C661E720AF}.Release|Any CPU.Build.0 = Release|Any CPU
		{120F1900-D46D-4C6E-8D3A-2B44795EB313}.Debug|Any CPU.ActiveCfg = Debug|Any CPU
		{120F1900-D46D-4C6E-8D3A-2B44795EB313}.Debug|Any CPU.Build.0 = Debug|Any CPU
		{120F1900-D46D-4C6E-8D3A-2B44795EB313}.Release|Any CPU.ActiveCfg = Debug|Any CPU
		{120F1900-D46D-4C6E-8D3A-2B44795EB313}.Release|Any CPU.Build.0 = Debug|Any CPU
		{5893101F-6BBE-4FDE-8409-A4DAFEA141CC}.Debug|Any CPU.ActiveCfg = Debug|Any CPU
		{5893101F-6BBE-4FDE-8409-A4DAFEA141CC}.Debug|Any CPU.Build.0 = Debug|Any CPU
		{5893101F-6BBE-4FDE-8409-A4DAFEA141CC}.Release|Any CPU.ActiveCfg = Release|Any CPU
		{5893101F-6BBE-4FDE-8409-A4DAFEA141CC}.Release|Any CPU.Build.0 = Release|Any CPU
	EndGlobalSection
	GlobalSection(SolutionProperties) = preSolution
		HideSolutionNode = FALSE
	EndGlobalSection
	GlobalSection(ExtensibilityGlobals) = postSolution
		SolutionGuid = {ECD82DC0-0AE6-4FF4-9856-6EA6669122F1}
	EndGlobalSection
EndGlobal
